# This file is automatically @generated by Cargo.
# It is not intended for manual editing.
version = 4

[[package]]
name = "unreal-math"
version = "0.1.0"
dependencies = [
 "unreal-types",
]

[[package]]
name = "unreal-types"
version = "0.1.0"
source = "git+https://github.com/B1Fr0st/unreal-types.git#dde2d4d9f31dc4292b4e593268c811e3534d1648"
